{
  "name": "youtube_waves",
  "lockfileVersion": 3,
  "requires": true,
  "packages": {
    "": {
      "dependencies": {
        "bulma-toast": "^2.4.4"
      }
    },
    "node_modules/bulma-toast": {
      "version": "2.4.4",
      "resolved": "https://registry.npmjs.org/bulma-toast/-/bulma-toast-2.4.4.tgz",
      "integrity": "sha512-frK7CiTE7sW6bgJFnWE4aL3Fga9O2U6O536gj6xox+52kqb5S5WaDUq37cArzjuvnSXY5mPIvzt5xNdBeOnShA=="
    }
  }
}
